
Microsoft Visual Studio Solution File, Format Version 12.00
Project("{F2A71F9B-5D33-465A-A702-920D77279786}") = "Consonance.Web", "Consonance.Web\Consonance.Web.fsproj", "{0FD00993-D604-49E2-AF44-D97C1AF7F517}"
EndProject
Global
	GlobalSection(SolutionConfigurationPlatforms) = preSolution
		Debug|Any CPU = Debug|Any CPU
		Release|Any CPU = Release|Any CPU
	EndGlobalSection
	GlobalSection(ProjectConfigurationPlatforms) = postSolution
		{0FD00993-D604-49E2-AF44-D97C1AF7F517}.Debug|Any CPU.ActiveCfg = Debug|Any CPU
		{0FD00993-D604-49E2-AF44-D97C1AF7F517}.Debug|Any CPU.Build.0 = Debug|Any CPU
		{0FD00993-D604-49E2-AF44-D97C1AF7F517}.Release|Any CPU.ActiveCfg = Release|Any CPU
		{0FD00993-D604-49E2-AF44-D97C1AF7F517}.Release|Any CPU.Build.0 = Release|Any CPU
	EndGlobalSection
EndGlobal
